// !$*UTF8*$!
{
	archiveVersion = 1;
	classes = {
	};
	objectVersion = 46;
	objects = {

/* Begin PBXBuildFile section */
		B325113D16D3D039006D18CF /* UIKit.framework in Frameworks */ = {isa = PBXBuildFile; fileRef = B325113C16D3D039006D18CF /* UIKit.framework */; };
		B325113F16D3D039006D18CF /* Foundation.framework in Frameworks */ = {isa = PBXBuildFile; fileRef = B325113E16D3D039006D18CF /* Foundation.framework */; };
		B325114116D3D039006D18CF /* CoreGraphics.framework in Frameworks */ = {isa = PBXBuildFile; fileRef = B325114016D3D039006D18CF /* CoreGraphics.framework */; };
		B325114716D3D039006D18CF /* InfoPlist.strings in Resources */ = {isa = PBXBuildFile; fileRef = B325114516D3D039006D18CF /* InfoPlist.strings */; };
		B325114916D3D039006D18CF /* main.m in Sources */ = {isa = PBXBuildFile; fileRef = B325114816D3D039006D18CF /* main.m */; };
		B325114D16D3D039006D18CF /* APAppDelegate.m in Sources */ = {isa = PBXBuildFile; fileRef = B325114C16D3D039006D18CF /* APAppDelegate.m */; };
		B325114F16D3D039006D18CF /* Default.png in Resources */ = {isa = PBXBuildFile; fileRef = B325114E16D3D039006D18CF /* Default.png */; };
		B325115116D3D039006D18CF /* Default@2x.png in Resources */ = {isa = PBXBuildFile; fileRef = B325115016D3D039006D18CF /* Default@2x.png */; };
		B325115316D3D039006D18CF /* Default-568h@2x.png in Resources */ = {isa = PBXBuildFile; fileRef = B325115216D3D039006D18CF /* Default-568h@2x.png */; };
		B325115616D3D039006D18CF /* APViewController.m in Sources */ = {isa = PBXBuildFile; fileRef = B325115516D3D039006D18CF /* APViewController.m */; };
		B325115916D3D039006D18CF /* APViewController.xib in Resources */ = {isa = PBXBuildFile; fileRef = B325115716D3D039006D18CF /* APViewController.xib */; };
		B325116216D3D098006D18CF /* PRXAudioPlayer.m in Sources */ = {isa = PBXBuildFile; fileRef = B325116116D3D098006D18CF /* PRXAudioPlayer.m */; };
		B325116416D3D36A006D18CF /* AVFoundation.framework in Frameworks */ = {isa = PBXBuildFile; fileRef = B325116316D3D36A006D18CF /* AVFoundation.framework */; };
		B325116716D3DDDF006D18CF /* MediaPlayer.framework in Frameworks */ = {isa = PBXBuildFile; fileRef = B325116616D3DDDF006D18CF /* MediaPlayer.framework */; };
		B325119D16D3E95E006D18CF /* Reachability.m in Sources */ = {isa = PBXBuildFile; fileRef = B325118C16D3E95E006D18CF /* Reachability.m */; };
		B32511A816D3F50E006D18CF /* PRXQueueAudioPlayer.m in Sources */ = {isa = PBXBuildFile; fileRef = B32511A716D3F50E006D18CF /* PRXQueueAudioPlayer.m */; };
		B32511AB16D3F667006D18CF /* PRXAudioQueue.m in Sources */ = {isa = PBXBuildFile; fileRef = B32511AA16D3F667006D18CF /* PRXAudioQueue.m */; };
		B32511AE16D419EC006D18CF /* APEpisode.m in Sources */ = {isa = PBXBuildFile; fileRef = B32511AD16D419EC006D18CF /* APEpisode.m */; };
		B32511B016D41CC1006D18CF /* CoreMedia.framework in Frameworks */ = {isa = PBXBuildFile; fileRef = B32511AF16D41CC1006D18CF /* CoreMedia.framework */; };
		B32511B216D41CD1006D18CF /* SystemConfiguration.framework in Frameworks */ = {isa = PBXBuildFile; fileRef = B32511B116D41CD1006D18CF /* SystemConfiguration.framework */; };
/* End PBXBuildFile section */

/* Begin PBXFileReference section */
		B325113916D3D039006D18CF /* PRXNewAudioPlayerTester.app */ = {isa = PBXFileReference; explicitFileType = wrapper.application; includeInIndex = 0; path = PRXNewAudioPlayerTester.app; sourceTree = BUILT_PRODUCTS_DIR; };
		B325113C16D3D039006D18CF /* UIKit.framework */ = {isa = PBXFileReference; lastKnownFileType = wrapper.framework; name = UIKit.framework; path = System/Library/Frameworks/UIKit.framework; sourceTree = SDKROOT; };
		B325113E16D3D039006D18CF /* Foundation.framework */ = {isa = PBXFileReference; lastKnownFileType = wrapper.framework; name = Foundation.framework; path = System/Library/Frameworks/Foundation.framework; sourceTree = SDKROOT; };
		B325114016D3D039006D18CF /* CoreGraphics.framework */ = {isa = PBXFileReference; lastKnownFileType = wrapper.framework; name = CoreGraphics.framework; path = System/Library/Frameworks/CoreGraphics.framework; sourceTree = SDKROOT; };
		B325114416D3D039006D18CF /* PRXNewAudioPlayerTester-Info.plist */ = {isa = PBXFileReference; lastKnownFileType = text.plist.xml; path = "PRXNewAudioPlayerTester-Info.plist"; sourceTree = "<group>"; };
		B325114616D3D039006D18CF /* en */ = {isa = PBXFileReference; lastKnownFileType = text.plist.strings; name = en; path = en.lproj/InfoPlist.strings; sourceTree = "<group>"; };
		B325114816D3D039006D18CF /* main.m */ = {isa = PBXFileReference; lastKnownFileType = sourcecode.c.objc; path = main.m; sourceTree = "<group>"; };
		B325114A16D3D039006D18CF /* PRXNewAudioPlayerTester-Prefix.pch */ = {isa = PBXFileReference; lastKnownFileType = sourcecode.c.h; path = "PRXNewAudioPlayerTester-Prefix.pch"; sourceTree = "<group>"; };
		B325114B16D3D039006D18CF /* APAppDelegate.h */ = {isa = PBXFileReference; lastKnownFileType = sourcecode.c.h; path = APAppDelegate.h; sourceTree = "<group>"; };
		B325114C16D3D039006D18CF /* APAppDelegate.m */ = {isa = PBXFileReference; lastKnownFileType = sourcecode.c.objc; path = APAppDelegate.m; sourceTree = "<group>"; };
		B325114E16D3D039006D18CF /* Default.png */ = {isa = PBXFileReference; lastKnownFileType = image.png; path = Default.png; sourceTree = "<group>"; };
		B325115016D3D039006D18CF /* Default@2x.png */ = {isa = PBXFileReference; lastKnownFileType = image.png; path = "Default@2x.png"; sourceTree = "<group>"; };
		B325115216D3D039006D18CF /* Default-568h@2x.png */ = {isa = PBXFileReference; lastKnownFileType = image.png; path = "Default-568h@2x.png"; sourceTree = "<group>"; };
		B325115416D3D039006D18CF /* APViewController.h */ = {isa = PBXFileReference; lastKnownFileType = sourcecode.c.h; path = APViewController.h; sourceTree = "<group>"; };
		B325115516D3D039006D18CF /* APViewController.m */ = {isa = PBXFileReference; lastKnownFileType = sourcecode.c.objc; path = APViewController.m; sourceTree = "<group>"; };
		B325115816D3D039006D18CF /* en */ = {isa = PBXFileReference; lastKnownFileType = file.xib; name = en; path = en.lproj/APViewController.xib; sourceTree = "<group>"; };
		B325116016D3D098006D18CF /* PRXAudioPlayer.h */ = {isa = PBXFileReference; fileEncoding = 4; lastKnownFileType = sourcecode.c.h; path = PRXAudioPlayer.h; sourceTree = "<group>"; };
		B325116116D3D098006D18CF /* PRXAudioPlayer.m */ = {isa = PBXFileReference; fileEncoding = 4; lastKnownFileType = sourcecode.c.objc; path = PRXAudioPlayer.m; sourceTree = "<group>"; };
		B325116316D3D36A006D18CF /* AVFoundation.framework */ = {isa = PBXFileReference; lastKnownFileType = wrapper.framework; name = AVFoundation.framework; path = System/Library/Frameworks/AVFoundation.framework; sourceTree = SDKROOT; };
		B325116516D3D7D4006D18CF /* PRXAudioPlayer_private.h */ = {isa = PBXFileReference; lastKnownFileType = sourcecode.c.h; path = PRXAudioPlayer_private.h; sourceTree = "<group>"; };
		B325116616D3DDDF006D18CF /* MediaPlayer.framework */ = {isa = PBXFileReference; lastKnownFileType = wrapper.framework; name = MediaPlayer.framework; path = System/Library/Frameworks/MediaPlayer.framework; sourceTree = SDKROOT; };
		B325118B16D3E95E006D18CF /* Reachability.h */ = {isa = PBXFileReference; fileEncoding = 4; lastKnownFileType = sourcecode.c.h; path = Reachability.h; sourceTree = "<group>"; };
		B325118C16D3E95E006D18CF /* Reachability.m */ = {isa = PBXFileReference; fileEncoding = 4; lastKnownFileType = sourcecode.c.objc; path = Reachability.m; sourceTree = "<group>"; };
		B32511A616D3F50E006D18CF /* PRXQueueAudioPlayer.h */ = {isa = PBXFileReference; fileEncoding = 4; lastKnownFileType = sourcecode.c.h; path = PRXQueueAudioPlayer.h; sourceTree = "<group>"; };
		B32511A716D3F50E006D18CF /* PRXQueueAudioPlayer.m */ = {isa = PBXFileReference; fileEncoding = 4; lastKnownFileType = sourcecode.c.objc; path = PRXQueueAudioPlayer.m; sourceTree = "<group>"; };
		B32511A916D3F667006D18CF /* PRXAudioQueue.h */ = {isa = PBXFileReference; fileEncoding = 4; lastKnownFileType = sourcecode.c.h; path = PRXAudioQueue.h; sourceTree = "<group>"; };
		B32511AA16D3F667006D18CF /* PRXAudioQueue.m */ = {isa = PBXFileReference; fileEncoding = 4; lastKnownFileType = sourcecode.c.objc; path = PRXAudioQueue.m; sourceTree = "<group>"; };
		B32511AC16D419EC006D18CF /* APEpisode.h */ = {isa = PBXFileReference; fileEncoding = 4; lastKnownFileType = sourcecode.c.h; path = APEpisode.h; sourceTree = "<group>"; };
		B32511AD16D419EC006D18CF /* APEpisode.m */ = {isa = PBXFileReference; fileEncoding = 4; lastKnownFileType = sourcecode.c.objc; path = APEpisode.m; sourceTree = "<group>"; };
		B32511AF16D41CC1006D18CF /* CoreMedia.framework */ = {isa = PBXFileReference; lastKnownFileType = wrapper.framework; name = CoreMedia.framework; path = System/Library/Frameworks/CoreMedia.framework; sourceTree = SDKROOT; };
		B32511B116D41CD1006D18CF /* SystemConfiguration.framework */ = {isa = PBXFileReference; lastKnownFileType = wrapper.framework; name = SystemConfiguration.framework; path = System/Library/Frameworks/SystemConfiguration.framework; sourceTree = SDKROOT; };
/* End PBXFileReference section */

/* Begin PBXFrameworksBuildPhase section */
		B325113616D3D039006D18CF /* Frameworks */ = {
			isa = PBXFrameworksBuildPhase;
			buildActionMask = 2147483647;
			files = (
				B32511B216D41CD1006D18CF /* SystemConfiguration.framework in Frameworks */,
				B32511B016D41CC1006D18CF /* CoreMedia.framework in Frameworks */,
				B325116716D3DDDF006D18CF /* MediaPlayer.framework in Frameworks */,
				B325116416D3D36A006D18CF /* AVFoundation.framework in Frameworks */,
				B325113D16D3D039006D18CF /* UIKit.framework in Frameworks */,
				B325113F16D3D039006D18CF /* Foundation.framework in Frameworks */,
				B325114116D3D039006D18CF /* CoreGraphics.framework in Frameworks */,
			);
			runOnlyForDeploymentPostprocessing = 0;
		};
/* End PBXFrameworksBuildPhase section */

/* Begin PBXGroup section */
		B325113016D3D039006D18CF = {
			isa = PBXGroup;
			children = (
				B325116816D3E95E006D18CF /* Reachability-master */,
				B325114216D3D039006D18CF /* PRXNewAudioPlayerTester */,
				B325115F16D3D067006D18CF /* PRXAudioPlayer */,
				B325113B16D3D039006D18CF /* Frameworks */,
				B325113A16D3D039006D18CF /* Products */,
			);
			sourceTree = "<group>";
		};
		B325113A16D3D039006D18CF /* Products */ = {
			isa = PBXGroup;
			children = (
				B325113916D3D039006D18CF /* PRXNewAudioPlayerTester.app */,
			);
			name = Products;
			sourceTree = "<group>";
		};
		B325113B16D3D039006D18CF /* Frameworks */ = {
			isa = PBXGroup;
			children = (
				B32511B116D41CD1006D18CF /* SystemConfiguration.framework */,
				B32511AF16D41CC1006D18CF /* CoreMedia.framework */,
				B325116616D3DDDF006D18CF /* MediaPlayer.framework */,
				B325116316D3D36A006D18CF /* AVFoundation.framework */,
				B325113C16D3D039006D18CF /* UIKit.framework */,
				B325113E16D3D039006D18CF /* Foundation.framework */,
				B325114016D3D039006D18CF /* CoreGraphics.framework */,
			);
			name = Frameworks;
			sourceTree = "<group>";
		};
		B325114216D3D039006D18CF /* PRXNewAudioPlayerTester */ = {
			isa = PBXGroup;
			children = (
				B325114B16D3D039006D18CF /* APAppDelegate.h */,
				B325114C16D3D039006D18CF /* APAppDelegate.m */,
				B325115416D3D039006D18CF /* APViewController.h */,
				B325115516D3D039006D18CF /* APViewController.m */,
				B325115716D3D039006D18CF /* APViewController.xib */,
				B325114316D3D039006D18CF /* Supporting Files */,
				B32511AC16D419EC006D18CF /* APEpisode.h */,
				B32511AD16D419EC006D18CF /* APEpisode.m */,
			);
			path = PRXNewAudioPlayerTester;
			sourceTree = "<group>";
		};
		B325114316D3D039006D18CF /* Supporting Files */ = {
			isa = PBXGroup;
			children = (
				B325114416D3D039006D18CF /* PRXNewAudioPlayerTester-Info.plist */,
				B325114516D3D039006D18CF /* InfoPlist.strings */,
				B325114816D3D039006D18CF /* main.m */,
				B325114A16D3D039006D18CF /* PRXNewAudioPlayerTester-Prefix.pch */,
				B325114E16D3D039006D18CF /* Default.png */,
				B325115016D3D039006D18CF /* Default@2x.png */,
				B325115216D3D039006D18CF /* Default-568h@2x.png */,
			);
			name = "Supporting Files";
			sourceTree = "<group>";
		};
		B325115F16D3D067006D18CF /* PRXAudioPlayer */ = {
			isa = PBXGroup;
			children = (
				B325116016D3D098006D18CF /* PRXAudioPlayer.h */,
				B325116516D3D7D4006D18CF /* PRXAudioPlayer_private.h */,
				B325116116D3D098006D18CF /* PRXAudioPlayer.m */,
				B32511A616D3F50E006D18CF /* PRXQueueAudioPlayer.h */,
				B32511A716D3F50E006D18CF /* PRXQueueAudioPlayer.m */,
				B32511A916D3F667006D18CF /* PRXAudioQueue.h */,
				B32511AA16D3F667006D18CF /* PRXAudioQueue.m */,
			);
			name = PRXAudioPlayer;
			path = PRXNewAudioPlayerTester/PRXAudioPlayer;
			sourceTree = "<group>";
		};
		B325116816D3E95E006D18CF /* Reachability-master */ = {
			isa = PBXGroup;
			children = (
				B325118B16D3E95E006D18CF /* Reachability.h */,
				B325118C16D3E95E006D18CF /* Reachability.m */,
			);
			name = "Reachability-master";
			path = "PRXNewAudioPlayerTester/Reachability-master";
			sourceTree = "<group>";
		};
/* End PBXGroup section */

/* Begin PBXNativeTarget section */
		B325113816D3D039006D18CF /* PRXNewAudioPlayerTester */ = {
			isa = PBXNativeTarget;
			buildConfigurationList = B325115C16D3D039006D18CF /* Build configuration list for PBXNativeTarget "PRXNewAudioPlayerTester" */;
			buildPhases = (
				B325113516D3D039006D18CF /* Sources */,
				B325113616D3D039006D18CF /* Frameworks */,
				B325113716D3D039006D18CF /* Resources */,
			);
			buildRules = (
			);
			dependencies = (
			);
			name = PRXNewAudioPlayerTester;
			productName = PRXNewAudioPlayerTester;
			productReference = B325113916D3D039006D18CF /* PRXNewAudioPlayerTester.app */;
			productType = "com.apple.product-type.application";
		};
/* End PBXNativeTarget section */

/* Begin PBXProject section */
		B325113116D3D039006D18CF /* Project object */ = {
			isa = PBXProject;
			attributes = {
				CLASSPREFIX = AP;
				LastUpgradeCheck = 0460;
				ORGANIZATIONNAME = PRX;
			};
			buildConfigurationList = B325113416D3D039006D18CF /* Build configuration list for PBXProject "PRXNewAudioPlayerTester" */;
			compatibilityVersion = "Xcode 3.2";
			developmentRegion = English;
			hasScannedForEncodings = 0;
			knownRegions = (
				en,
			);
			mainGroup = B325113016D3D039006D18CF;
			productRefGroup = B325113A16D3D039006D18CF /* Products */;
			projectDirPath = "";
			projectRoot = "";
			targets = (
				B325113816D3D039006D18CF /* PRXNewAudioPlayerTester */,
			);
		};
/* End PBXProject section */

/* Begin PBXResourcesBuildPhase section */
		B325113716D3D039006D18CF /* Resources */ = {
			isa = PBXResourcesBuildPhase;
			buildActionMask = 2147483647;
			files = (
				B325114716D3D039006D18CF /* InfoPlist.strings in Resources */,
				B325114F16D3D039006D18CF /* Default.png in Resources */,
				B325115116D3D039006D18CF /* Default@2x.png in Resources */,
				B325115316D3D039006D18CF /* Default-568h@2x.png in Resources */,
				B325115916D3D039006D18CF /* APViewController.xib in Resources */,
			);
			runOnlyForDeploymentPostprocessing = 0;
		};
/* End PBXResourcesBuildPhase section */

/* Begin PBXSourcesBuildPhase section */
		B325113516D3D039006D18CF /* Sources */ = {
			isa = PBXSourcesBuildPhase;
			buildActionMask = 2147483647;
			files = (
				B325114916D3D039006D18CF /* main.m in Sources */,
				B325114D16D3D039006D18CF /* APAppDelegate.m in Sources */,
				B325115616D3D039006D18CF /* APViewController.m in Sources */,
				B325116216D3D098006D18CF /* PRXAudioPlayer.m in Sources */,
				B325119D16D3E95E006D18CF /* Reachability.m in Sources */,
				B32511A816D3F50E006D18CF /* PRXQueueAudioPlayer.m in Sources */,
				B32511AB16D3F667006D18CF /* PRXAudioQueue.m in Sources */,
				B32511AE16D419EC006D18CF /* APEpisode.m in Sources */,
			);
			runOnlyForDeploymentPostprocessing = 0;
		};
/* End PBXSourcesBuildPhase section */

/* Begin PBXVariantGroup section */
		B325114516D3D039006D18CF /* InfoPlist.strings */ = {
			isa = PBXVariantGroup;
			children = (
				B325114616D3D039006D18CF /* en */,
			);
			name = InfoPlist.strings;
			sourceTree = "<group>";
		};
		B325115716D3D039006D18CF /* APViewController.xib */ = {
			isa = PBXVariantGroup;
			children = (
				B325115816D3D039006D18CF /* en */,
			);
			name = APViewController.xib;
			sourceTree = "<group>";
		};
/* End PBXVariantGroup section */

/* Begin XCBuildConfiguration section */
		B325115A16D3D039006D18CF /* Debug */ = {
			isa = XCBuildConfiguration;
			buildSettings = {
				ALWAYS_SEARCH_USER_PATHS = NO;
				CLANG_CXX_LANGUAGE_STANDARD = "gnu++0x";
				CLANG_CXX_LIBRARY = "libc++";
				CLANG_ENABLE_OBJC_ARC = YES;
				CLANG_WARN_CONSTANT_CONVERSION = YES;
				CLANG_WARN_EMPTY_BODY = YES;
				CLANG_WARN_ENUM_CONVERSION = YES;
				CLANG_WARN_INT_CONVERSION = YES;
				CLANG_WARN__DUPLICATE_METHOD_MATCH = YES;
				"CODE_SIGN_IDENTITY[sdk=iphoneos*]" = "iPhone Developer";
				COPY_PHASE_STRIP = NO;
				GCC_C_LANGUAGE_STANDARD = gnu99;
				GCC_DYNAMIC_NO_PIC = NO;
				GCC_OPTIMIZATION_LEVEL = 0;
				GCC_PREPROCESSOR_DEFINITIONS = (
					"DEBUG=1",
					"$(inherited)",
				);
				GCC_SYMBOLS_PRIVATE_EXTERN = NO;
				GCC_WARN_ABOUT_RETURN_TYPE = YES;
				GCC_WARN_UNINITIALIZED_AUTOS = YES;
				GCC_WARN_UNUSED_VARIABLE = YES;
				IPHONEOS_DEPLOYMENT_TARGET = 6.1;
				ONLY_ACTIVE_ARCH = YES;
				SDKROOT = iphoneos;
			};
			name = Debug;
		};
		B325115B16D3D039006D18CF /* Release */ = {
			isa = XCBuildConfiguration;
			buildSettings = {
				ALWAYS_SEARCH_USER_PATHS = NO;
				CLANG_CXX_LANGUAGE_STANDARD = "gnu++0x";
				CLANG_CXX_LIBRARY = "libc++";
				CLANG_ENABLE_OBJC_ARC = YES;
				CLANG_WARN_CONSTANT_CONVERSION = YES;
				CLANG_WARN_EMPTY_BODY = YES;
				CLANG_WARN_ENUM_CONVERSION = YES;
				CLANG_WARN_INT_CONVERSION = YES;
				CLANG_WARN__DUPLICATE_METHOD_MATCH = YES;
				"CODE_SIGN_IDENTITY[sdk=iphoneos*]" = "iPhone Developer";
				COPY_PHASE_STRIP = YES;
				GCC_C_LANGUAGE_STANDARD = gnu99;
				GCC_WARN_ABOUT_RETURN_TYPE = YES;
				GCC_WARN_UNINITIALIZED_AUTOS = YES;
				GCC_WARN_UNUSED_VARIABLE = YES;
				IPHONEOS_DEPLOYMENT_TARGET = 6.1;
				OTHER_CFLAGS = "-DNS_BLOCK_ASSERTIONS=1";
				SDKROOT = iphoneos;
				VALIDATE_PRODUCT = YES;
			};
			name = Release;
		};
		B325115D16D3D039006D18CF /* Debug */ = {
			isa = XCBuildConfiguration;
			buildSettings = {
				GCC_PRECOMPILE_PREFIX_HEADER = YES;
				GCC_PREFIX_HEADER = "PRXNewAudioPlayerTester/PRXNewAudioPlayerTester-Prefix.pch";
				INFOPLIST_FILE = "PRXNewAudioPlayerTester/PRXNewAudioPlayerTester-Info.plist";
				PRODUCT_NAME = "$(TARGET_NAME)";
				WRAPPER_EXTENSION = app;
			};
			name = Debug;
		};
		B325115E16D3D039006D18CF /* Release */ = {
			isa = XCBuildConfiguration;
			buildSettings = {
				GCC_PRECOMPILE_PREFIX_HEADER = YES;
				GCC_PREFIX_HEADER = "PRXNewAudioPlayerTester/PRXNewAudioPlayerTester-Prefix.pch";
				INFOPLIST_FILE = "PRXNewAudioPlayerTester/PRXNewAudioPlayerTester-Info.plist";
				PRODUCT_NAME = "$(TARGET_NAME)";
				WRAPPER_EXTENSION = app;
			};
			name = Release;
		};
/* End XCBuildConfiguration section */

/* Begin XCConfigurationList section */
		B325113416D3D039006D18CF /* Build configuration list for PBXProject "PRXNewAudioPlayerTester" */ = {
			isa = XCConfigurationList;
			buildConfigurations = (
				B325115A16D3D039006D18CF /* Debug */,
				B325115B16D3D039006D18CF /* Release */,
			);
			defaultConfigurationIsVisible = 0;
			defaultConfigurationName = Release;
		};
		B325115C16D3D039006D18CF /* Build configuration list for PBXNativeTarget "PRXNewAudioPlayerTester" */ = {
			isa = XCConfigurationList;
			buildConfigurations = (
				B325115D16D3D039006D18CF /* Debug */,
				B325115E16D3D039006D18CF /* Release */,
			);
			defaultConfigurationIsVisible = 0;
			defaultConfigurationName = Release;
		};
/* End XCConfigurationList section */
	};
	rootObject = B325113116D3D039006D18CF /* Project object */;
}
