// !$*UTF8*$!
{
	archiveVersion = 1;
	classes = {
	};
	objectVersion = 46;
	objects = {

/* Begin PBXBuildFile section */
		F809786C17E8B8C2007B908B /* Foundation.framework in Frameworks */ = {isa = PBXBuildFile; fileRef = F809786B17E8B8C2007B908B /* Foundation.framework */; };
		F809786E17E8B8C2007B908B /* CoreGraphics.framework in Frameworks */ = {isa = PBXBuildFile; fileRef = F809786D17E8B8C2007B908B /* CoreGraphics.framework */; };
		F809787017E8B8C2007B908B /* UIKit.framework in Frameworks */ = {isa = PBXBuildFile; fileRef = F809786F17E8B8C2007B908B /* UIKit.framework */; };
		F809787617E8B8C2007B908B /* InfoPlist.strings in Resources */ = {isa = PBXBuildFile; fileRef = F809787417E8B8C2007B908B /* InfoPlist.strings */; };
		F809787817E8B8C2007B908B /* main.m in Sources */ = {isa = PBXBuildFile; fileRef = F809787717E8B8C2007B908B /* main.m */; };
		F809787C17E8B8C2007B908B /* TSTAppDelegate.m in Sources */ = {isa = PBXBuildFile; fileRef = F809787B17E8B8C2007B908B /* TSTAppDelegate.m */; };
		F809787F17E8B8C2007B908B /* Main.storyboard in Resources */ = {isa = PBXBuildFile; fileRef = F809787D17E8B8C2007B908B /* Main.storyboard */; };
		F809788217E8B8C2007B908B /* TSTViewController.m in Sources */ = {isa = PBXBuildFile; fileRef = F809788117E8B8C2007B908B /* TSTViewController.m */; };
		F809788417E8B8C2007B908B /* Images.xcassets in Resources */ = {isa = PBXBuildFile; fileRef = F809788317E8B8C2007B908B /* Images.xcassets */; };
		F809788B17E8B8C2007B908B /* XCTest.framework in Frameworks */ = {isa = PBXBuildFile; fileRef = F809788A17E8B8C2007B908B /* XCTest.framework */; };
		F809788C17E8B8C2007B908B /* Foundation.framework in Frameworks */ = {isa = PBXBuildFile; fileRef = F809786B17E8B8C2007B908B /* Foundation.framework */; };
		F809788D17E8B8C2007B908B /* UIKit.framework in Frameworks */ = {isa = PBXBuildFile; fileRef = F809786F17E8B8C2007B908B /* UIKit.framework */; };
		F809789517E8B8C2007B908B /* InfoPlist.strings in Resources */ = {isa = PBXBuildFile; fileRef = F809789317E8B8C2007B908B /* InfoPlist.strings */; };
		F809789717E8B8C2007B908B /* NewPlayerTestTests.m in Sources */ = {isa = PBXBuildFile; fileRef = F809789617E8B8C2007B908B /* NewPlayerTestTests.m */; };
		F80978A317E8B978007B908B /* PRXPlayer.m in Sources */ = {isa = PBXBuildFile; fileRef = F80978A217E8B978007B908B /* PRXPlayer.m */; };
		F810AE9617ED169F00650843 /* PRXReachability.m in Sources */ = {isa = PBXBuildFile; fileRef = F810AE9517ED169F00650843 /* PRXReachability.m */; };
		F87C55F917E9F1E500D24238 /* PRXPlayerDelegate.m in Sources */ = {isa = PBXBuildFile; fileRef = F87C55F817E9F1E500D24238 /* PRXPlayerDelegate.m */; };
		F87C55FF17EA33EF00D24238 /* TSTPlayerItem.m in Sources */ = {isa = PBXBuildFile; fileRef = F87C55FE17EA33EF00D24238 /* TSTPlayerItem.m */; };
		F87C560117EB42BC00D24238 /* 89-Bubble-Houses.mp3 in Resources */ = {isa = PBXBuildFile; fileRef = F87C560017EB42BC00D24238 /* 89-Bubble-Houses.mp3 */; };
		F87C560417EB44DB00D24238 /* TSTSwappingPlayerItem.m in Sources */ = {isa = PBXBuildFile; fileRef = F87C560317EB44DB00D24238 /* TSTSwappingPlayerItem.m */; };
		F87C560817EB8B3D00D24238 /* Reachability.m in Sources */ = {isa = PBXBuildFile; fileRef = F87C560717EB8B3D00D24238 /* Reachability.m */; };
		F8887E0117F1F27500790042 /* PRXPlayerQueue.m in Sources */ = {isa = PBXBuildFile; fileRef = F8887DFE17F1F27500790042 /* PRXPlayerQueue.m */; };
		F8887E0217F1F27500790042 /* PRXQueuePlayer.m in Sources */ = {isa = PBXBuildFile; fileRef = F8887E0017F1F27500790042 /* PRXQueuePlayer.m */; };
/* End PBXBuildFile section */

/* Begin PBXContainerItemProxy section */
		F809788E17E8B8C2007B908B /* PBXContainerItemProxy */ = {
			isa = PBXContainerItemProxy;
			containerPortal = F809786017E8B8C2007B908B /* Project object */;
			proxyType = 1;
			remoteGlobalIDString = F809786717E8B8C2007B908B;
			remoteInfo = NewPlayerTest;
		};
/* End PBXContainerItemProxy section */

/* Begin PBXFileReference section */
		F809786817E8B8C2007B908B /* NewPlayerTest.app */ = {isa = PBXFileReference; explicitFileType = wrapper.application; includeInIndex = 0; path = NewPlayerTest.app; sourceTree = BUILT_PRODUCTS_DIR; };
		F809786B17E8B8C2007B908B /* Foundation.framework */ = {isa = PBXFileReference; lastKnownFileType = wrapper.framework; name = Foundation.framework; path = System/Library/Frameworks/Foundation.framework; sourceTree = SDKROOT; };
		F809786D17E8B8C2007B908B /* CoreGraphics.framework */ = {isa = PBXFileReference; lastKnownFileType = wrapper.framework; name = CoreGraphics.framework; path = System/Library/Frameworks/CoreGraphics.framework; sourceTree = SDKROOT; };
		F809786F17E8B8C2007B908B /* UIKit.framework */ = {isa = PBXFileReference; lastKnownFileType = wrapper.framework; name = UIKit.framework; path = System/Library/Frameworks/UIKit.framework; sourceTree = SDKROOT; };
		F809787317E8B8C2007B908B /* NewPlayerTest-Info.plist */ = {isa = PBXFileReference; lastKnownFileType = text.plist.xml; path = "NewPlayerTest-Info.plist"; sourceTree = "<group>"; };
		F809787517E8B8C2007B908B /* en */ = {isa = PBXFileReference; lastKnownFileType = text.plist.strings; name = en; path = en.lproj/InfoPlist.strings; sourceTree = "<group>"; };
		F809787717E8B8C2007B908B /* main.m */ = {isa = PBXFileReference; lastKnownFileType = sourcecode.c.objc; path = main.m; sourceTree = "<group>"; };
		F809787917E8B8C2007B908B /* NewPlayerTest-Prefix.pch */ = {isa = PBXFileReference; lastKnownFileType = sourcecode.c.h; path = "NewPlayerTest-Prefix.pch"; sourceTree = "<group>"; };
		F809787A17E8B8C2007B908B /* TSTAppDelegate.h */ = {isa = PBXFileReference; lastKnownFileType = sourcecode.c.h; path = TSTAppDelegate.h; sourceTree = "<group>"; };
		F809787B17E8B8C2007B908B /* TSTAppDelegate.m */ = {isa = PBXFileReference; lastKnownFileType = sourcecode.c.objc; path = TSTAppDelegate.m; sourceTree = "<group>"; };
		F809787E17E8B8C2007B908B /* Base */ = {isa = PBXFileReference; lastKnownFileType = file.storyboard; name = Base; path = Base.lproj/Main.storyboard; sourceTree = "<group>"; };
		F809788017E8B8C2007B908B /* TSTViewController.h */ = {isa = PBXFileReference; lastKnownFileType = sourcecode.c.h; path = TSTViewController.h; sourceTree = "<group>"; };
		F809788117E8B8C2007B908B /* TSTViewController.m */ = {isa = PBXFileReference; lastKnownFileType = sourcecode.c.objc; path = TSTViewController.m; sourceTree = "<group>"; };
		F809788317E8B8C2007B908B /* Images.xcassets */ = {isa = PBXFileReference; lastKnownFileType = folder.assetcatalog; path = Images.xcassets; sourceTree = "<group>"; };
		F809788917E8B8C2007B908B /* NewPlayerTestTests.xctest */ = {isa = PBXFileReference; explicitFileType = wrapper.cfbundle; includeInIndex = 0; path = NewPlayerTestTests.xctest; sourceTree = BUILT_PRODUCTS_DIR; };
		F809788A17E8B8C2007B908B /* XCTest.framework */ = {isa = PBXFileReference; lastKnownFileType = wrapper.framework; name = XCTest.framework; path = Library/Frameworks/XCTest.framework; sourceTree = DEVELOPER_DIR; };
		F809789217E8B8C2007B908B /* NewPlayerTestTests-Info.plist */ = {isa = PBXFileReference; lastKnownFileType = text.plist.xml; path = "NewPlayerTestTests-Info.plist"; sourceTree = "<group>"; };
		F809789417E8B8C2007B908B /* en */ = {isa = PBXFileReference; lastKnownFileType = text.plist.strings; name = en; path = en.lproj/InfoPlist.strings; sourceTree = "<group>"; };
		F809789617E8B8C2007B908B /* NewPlayerTestTests.m */ = {isa = PBXFileReference; lastKnownFileType = sourcecode.c.objc; path = NewPlayerTestTests.m; sourceTree = "<group>"; };
		F80978A117E8B978007B908B /* PRXPlayer.h */ = {isa = PBXFileReference; fileEncoding = 4; lastKnownFileType = sourcecode.c.h; name = PRXPlayer.h; path = PRXPlayer/PRXPlayer.h; sourceTree = "<group>"; };
		F80978A217E8B978007B908B /* PRXPlayer.m */ = {isa = PBXFileReference; fileEncoding = 4; lastKnownFileType = sourcecode.c.objc; name = PRXPlayer.m; path = PRXPlayer/PRXPlayer.m; sourceTree = "<group>"; };
		F810AE9417ED169F00650843 /* PRXReachability.h */ = {isa = PBXFileReference; fileEncoding = 4; lastKnownFileType = sourcecode.c.h; path = PRXReachability.h; sourceTree = "<group>"; };
		F810AE9517ED169F00650843 /* PRXReachability.m */ = {isa = PBXFileReference; fileEncoding = 4; lastKnownFileType = sourcecode.c.objc; path = PRXReachability.m; sourceTree = "<group>"; };
		F87C55F717E9F1E500D24238 /* PRXPlayerDelegate.h */ = {isa = PBXFileReference; fileEncoding = 4; lastKnownFileType = sourcecode.c.h; path = PRXPlayerDelegate.h; sourceTree = "<group>"; };
		F87C55F817E9F1E500D24238 /* PRXPlayerDelegate.m */ = {isa = PBXFileReference; fileEncoding = 4; lastKnownFileType = sourcecode.c.objc; path = PRXPlayerDelegate.m; sourceTree = "<group>"; };
		F87C55FD17EA33EF00D24238 /* TSTPlayerItem.h */ = {isa = PBXFileReference; fileEncoding = 4; lastKnownFileType = sourcecode.c.h; path = TSTPlayerItem.h; sourceTree = "<group>"; };
		F87C55FE17EA33EF00D24238 /* TSTPlayerItem.m */ = {isa = PBXFileReference; fileEncoding = 4; lastKnownFileType = sourcecode.c.objc; path = TSTPlayerItem.m; sourceTree = "<group>"; };
		F87C560017EB42BC00D24238 /* 89-Bubble-Houses.mp3 */ = {isa = PBXFileReference; lastKnownFileType = audio.mp3; path = "89-Bubble-Houses.mp3"; sourceTree = "<group>"; };
		F87C560217EB44DB00D24238 /* TSTSwappingPlayerItem.h */ = {isa = PBXFileReference; fileEncoding = 4; lastKnownFileType = sourcecode.c.h; path = TSTSwappingPlayerItem.h; sourceTree = "<group>"; };
		F87C560317EB44DB00D24238 /* TSTSwappingPlayerItem.m */ = {isa = PBXFileReference; fileEncoding = 4; lastKnownFileType = sourcecode.c.objc; path = TSTSwappingPlayerItem.m; sourceTree = "<group>"; };
		F87C560617EB8B3D00D24238 /* Reachability.h */ = {isa = PBXFileReference; fileEncoding = 4; lastKnownFileType = sourcecode.c.h; path = Reachability.h; sourceTree = "<group>"; };
		F87C560717EB8B3D00D24238 /* Reachability.m */ = {isa = PBXFileReference; fileEncoding = 4; lastKnownFileType = sourcecode.c.objc; path = Reachability.m; sourceTree = "<group>"; };
		F8887DFD17F1F27500790042 /* PRXPlayerQueue.h */ = {isa = PBXFileReference; fileEncoding = 4; lastKnownFileType = sourcecode.c.h; name = PRXPlayerQueue.h; path = PRXPlayer/PRXPlayerQueue.h; sourceTree = "<group>"; };
		F8887DFE17F1F27500790042 /* PRXPlayerQueue.m */ = {isa = PBXFileReference; fileEncoding = 4; lastKnownFileType = sourcecode.c.objc; name = PRXPlayerQueue.m; path = PRXPlayer/PRXPlayerQueue.m; sourceTree = "<group>"; };
		F8887DFF17F1F27500790042 /* PRXQueuePlayer.h */ = {isa = PBXFileReference; fileEncoding = 4; lastKnownFileType = sourcecode.c.h; name = PRXQueuePlayer.h; path = PRXPlayer/PRXQueuePlayer.h; sourceTree = "<group>"; };
		F8887E0017F1F27500790042 /* PRXQueuePlayer.m */ = {isa = PBXFileReference; fileEncoding = 4; lastKnownFileType = sourcecode.c.objc; name = PRXQueuePlayer.m; path = PRXPlayer/PRXQueuePlayer.m; sourceTree = "<group>"; };
		F8887E0317F20CD500790042 /* PRXPlayer_private.h */ = {isa = PBXFileReference; lastKnownFileType = sourcecode.c.h; name = PRXPlayer_private.h; path = PRXPlayer/PRXPlayer_private.h; sourceTree = "<group>"; };
/* End PBXFileReference section */

/* Begin PBXFrameworksBuildPhase section */
		F809786517E8B8C2007B908B /* Frameworks */ = {
			isa = PBXFrameworksBuildPhase;
			buildActionMask = 2147483647;
			files = (
				F809786E17E8B8C2007B908B /* CoreGraphics.framework in Frameworks */,
				F809787017E8B8C2007B908B /* UIKit.framework in Frameworks */,
				F809786C17E8B8C2007B908B /* Foundation.framework in Frameworks */,
			);
			runOnlyForDeploymentPostprocessing = 0;
		};
		F809788617E8B8C2007B908B /* Frameworks */ = {
			isa = PBXFrameworksBuildPhase;
			buildActionMask = 2147483647;
			files = (
				F809788B17E8B8C2007B908B /* XCTest.framework in Frameworks */,
				F809788D17E8B8C2007B908B /* UIKit.framework in Frameworks */,
				F809788C17E8B8C2007B908B /* Foundation.framework in Frameworks */,
			);
			runOnlyForDeploymentPostprocessing = 0;
		};
/* End PBXFrameworksBuildPhase section */

/* Begin PBXGroup section */
		F809785F17E8B8C2007B908B = {
			isa = PBXGroup;
			children = (
				F809787117E8B8C2007B908B /* NewPlayerTest */,
				F809789017E8B8C2007B908B /* NewPlayerTestTests */,
				F809786A17E8B8C2007B908B /* Frameworks */,
				F809786917E8B8C2007B908B /* Products */,
			);
			sourceTree = "<group>";
		};
		F809786917E8B8C2007B908B /* Products */ = {
			isa = PBXGroup;
			children = (
				F809786817E8B8C2007B908B /* NewPlayerTest.app */,
				F809788917E8B8C2007B908B /* NewPlayerTestTests.xctest */,
			);
			name = Products;
			sourceTree = "<group>";
		};
		F809786A17E8B8C2007B908B /* Frameworks */ = {
			isa = PBXGroup;
			children = (
				F809786B17E8B8C2007B908B /* Foundation.framework */,
				F809786D17E8B8C2007B908B /* CoreGraphics.framework */,
				F809786F17E8B8C2007B908B /* UIKit.framework */,
				F809788A17E8B8C2007B908B /* XCTest.framework */,
			);
			name = Frameworks;
			sourceTree = "<group>";
		};
		F809787117E8B8C2007B908B /* NewPlayerTest */ = {
			isa = PBXGroup;
			children = (
				F87C560517EB8B3D00D24238 /* Reachability */,
				F80978A017E8B960007B908B /* PRXPlayer */,
				F809787A17E8B8C2007B908B /* TSTAppDelegate.h */,
				F809787B17E8B8C2007B908B /* TSTAppDelegate.m */,
				F809787D17E8B8C2007B908B /* Main.storyboard */,
				F809788017E8B8C2007B908B /* TSTViewController.h */,
				F809788117E8B8C2007B908B /* TSTViewController.m */,
				F809788317E8B8C2007B908B /* Images.xcassets */,
				F809787217E8B8C2007B908B /* Supporting Files */,
				F87C55F717E9F1E500D24238 /* PRXPlayerDelegate.h */,
				F87C55F817E9F1E500D24238 /* PRXPlayerDelegate.m */,
				F87C55FD17EA33EF00D24238 /* TSTPlayerItem.h */,
				F87C55FE17EA33EF00D24238 /* TSTPlayerItem.m */,
				F87C560217EB44DB00D24238 /* TSTSwappingPlayerItem.h */,
				F87C560317EB44DB00D24238 /* TSTSwappingPlayerItem.m */,
			);
			path = NewPlayerTest;
			sourceTree = "<group>";
		};
		F809787217E8B8C2007B908B /* Supporting Files */ = {
			isa = PBXGroup;
			children = (
				F87C560017EB42BC00D24238 /* 89-Bubble-Houses.mp3 */,
				F809787317E8B8C2007B908B /* NewPlayerTest-Info.plist */,
				F809787417E8B8C2007B908B /* InfoPlist.strings */,
				F809787717E8B8C2007B908B /* main.m */,
				F809787917E8B8C2007B908B /* NewPlayerTest-Prefix.pch */,
			);
			name = "Supporting Files";
			sourceTree = "<group>";
		};
		F809789017E8B8C2007B908B /* NewPlayerTestTests */ = {
			isa = PBXGroup;
			children = (
				F809789617E8B8C2007B908B /* NewPlayerTestTests.m */,
				F809789117E8B8C2007B908B /* Supporting Files */,
			);
			path = NewPlayerTestTests;
			sourceTree = "<group>";
		};
		F809789117E8B8C2007B908B /* Supporting Files */ = {
			isa = PBXGroup;
			children = (
				F809789217E8B8C2007B908B /* NewPlayerTestTests-Info.plist */,
				F809789317E8B8C2007B908B /* InfoPlist.strings */,
			);
			name = "Supporting Files";
			sourceTree = "<group>";
		};
		F80978A017E8B960007B908B /* PRXPlayer */ = {
			isa = PBXGroup;
			children = (
				F80978A117E8B978007B908B /* PRXPlayer.h */,
				F8887E0317F20CD500790042 /* PRXPlayer_private.h */,
				F80978A217E8B978007B908B /* PRXPlayer.m */,
				F8887DFD17F1F27500790042 /* PRXPlayerQueue.h */,
				F8887DFE17F1F27500790042 /* PRXPlayerQueue.m */,
				F8887DFF17F1F27500790042 /* PRXQueuePlayer.h */,
				F8887E0017F1F27500790042 /* PRXQueuePlayer.m */,
			);
			name = PRXPlayer;
			sourceTree = "<group>";
		};
		F87C560517EB8B3D00D24238 /* Reachability */ = {
			isa = PBXGroup;
			children = (
				F87C560617EB8B3D00D24238 /* Reachability.h */,
				F87C560717EB8B3D00D24238 /* Reachability.m */,
				F810AE9417ED169F00650843 /* PRXReachability.h */,
				F810AE9517ED169F00650843 /* PRXReachability.m */,
			);
			path = Reachability;
			sourceTree = "<group>";
		};
/* End PBXGroup section */

/* Begin PBXNativeTarget section */
		F809786717E8B8C2007B908B /* NewPlayerTest */ = {
			isa = PBXNativeTarget;
			buildConfigurationList = F809789A17E8B8C2007B908B /* Build configuration list for PBXNativeTarget "NewPlayerTest" */;
			buildPhases = (
				F809786417E8B8C2007B908B /* Sources */,
				F809786517E8B8C2007B908B /* Frameworks */,
				F809786617E8B8C2007B908B /* Resources */,
			);
			buildRules = (
			);
			dependencies = (
			);
			name = NewPlayerTest;
			productName = NewPlayerTest;
			productReference = F809786817E8B8C2007B908B /* NewPlayerTest.app */;
			productType = "com.apple.product-type.application";
		};
		F809788817E8B8C2007B908B /* NewPlayerTestTests */ = {
			isa = PBXNativeTarget;
			buildConfigurationList = F809789D17E8B8C2007B908B /* Build configuration list for PBXNativeTarget "NewPlayerTestTests" */;
			buildPhases = (
				F809788517E8B8C2007B908B /* Sources */,
				F809788617E8B8C2007B908B /* Frameworks */,
				F809788717E8B8C2007B908B /* Resources */,
			);
			buildRules = (
			);
			dependencies = (
				F809788F17E8B8C2007B908B /* PBXTargetDependency */,
			);
			name = NewPlayerTestTests;
			productName = NewPlayerTestTests;
			productReference = F809788917E8B8C2007B908B /* NewPlayerTestTests.xctest */;
			productType = "com.apple.product-type.bundle.unit-test";
		};
/* End PBXNativeTarget section */

/* Begin PBXProject section */
		F809786017E8B8C2007B908B /* Project object */ = {
			isa = PBXProject;
			attributes = {
				CLASSPREFIX = TST;
				LastUpgradeCheck = 0500;
				ORGANIZATIONNAME = Bitnock;
				TargetAttributes = {
					F809786717E8B8C2007B908B = {
						SystemCapabilities = {
							com.apple.BackgroundModes = {
								enabled = 1;
							};
						};
					};
					F809788817E8B8C2007B908B = {
						TestTargetID = F809786717E8B8C2007B908B;
					};
				};
			};
			buildConfigurationList = F809786317E8B8C2007B908B /* Build configuration list for PBXProject "NewPlayerTest" */;
			compatibilityVersion = "Xcode 3.2";
			developmentRegion = English;
			hasScannedForEncodings = 0;
			knownRegions = (
				en,
				Base,
			);
			mainGroup = F809785F17E8B8C2007B908B;
			productRefGroup = F809786917E8B8C2007B908B /* Products */;
			projectDirPath = "";
			projectRoot = "";
			targets = (
				F809786717E8B8C2007B908B /* NewPlayerTest */,
				F809788817E8B8C2007B908B /* NewPlayerTestTests */,
			);
		};
/* End PBXProject section */

/* Begin PBXResourcesBuildPhase section */
		F809786617E8B8C2007B908B /* Resources */ = {
			isa = PBXResourcesBuildPhase;
			buildActionMask = 2147483647;
			files = (
				F87C560117EB42BC00D24238 /* 89-Bubble-Houses.mp3 in Resources */,
				F809788417E8B8C2007B908B /* Images.xcassets in Resources */,
				F809787617E8B8C2007B908B /* InfoPlist.strings in Resources */,
				F809787F17E8B8C2007B908B /* Main.storyboard in Resources */,
			);
			runOnlyForDeploymentPostprocessing = 0;
		};
		F809788717E8B8C2007B908B /* Resources */ = {
			isa = PBXResourcesBuildPhase;
			buildActionMask = 2147483647;
			files = (
				F809789517E8B8C2007B908B /* InfoPlist.strings in Resources */,
			);
			runOnlyForDeploymentPostprocessing = 0;
		};
/* End PBXResourcesBuildPhase section */

/* Begin PBXSourcesBuildPhase section */
		F809786417E8B8C2007B908B /* Sources */ = {
			isa = PBXSourcesBuildPhase;
			buildActionMask = 2147483647;
			files = (
				F809787C17E8B8C2007B908B /* TSTAppDelegate.m in Sources */,
				F80978A317E8B978007B908B /* PRXPlayer.m in Sources */,
				F87C560817EB8B3D00D24238 /* Reachability.m in Sources */,
				F87C55F917E9F1E500D24238 /* PRXPlayerDelegate.m in Sources */,
				F87C55FF17EA33EF00D24238 /* TSTPlayerItem.m in Sources */,
				F87C560417EB44DB00D24238 /* TSTSwappingPlayerItem.m in Sources */,
				F810AE9617ED169F00650843 /* PRXReachability.m in Sources */,
				F8887E0117F1F27500790042 /* PRXPlayerQueue.m in Sources */,
				F809788217E8B8C2007B908B /* TSTViewController.m in Sources */,
				F809787817E8B8C2007B908B /* main.m in Sources */,
				F8887E0217F1F27500790042 /* PRXQueuePlayer.m in Sources */,
			);
			runOnlyForDeploymentPostprocessing = 0;
		};
		F809788517E8B8C2007B908B /* Sources */ = {
			isa = PBXSourcesBuildPhase;
			buildActionMask = 2147483647;
			files = (
				F809789717E8B8C2007B908B /* NewPlayerTestTests.m in Sources */,
			);
			runOnlyForDeploymentPostprocessing = 0;
		};
/* End PBXSourcesBuildPhase section */

/* Begin PBXTargetDependency section */
		F809788F17E8B8C2007B908B /* PBXTargetDependency */ = {
			isa = PBXTargetDependency;
			target = F809786717E8B8C2007B908B /* NewPlayerTest */;
			targetProxy = F809788E17E8B8C2007B908B /* PBXContainerItemProxy */;
		};
/* End PBXTargetDependency section */

/* Begin PBXVariantGroup section */
		F809787417E8B8C2007B908B /* InfoPlist.strings */ = {
			isa = PBXVariantGroup;
			children = (
				F809787517E8B8C2007B908B /* en */,
			);
			name = InfoPlist.strings;
			sourceTree = "<group>";
		};
		F809787D17E8B8C2007B908B /* Main.storyboard */ = {
			isa = PBXVariantGroup;
			children = (
				F809787E17E8B8C2007B908B /* Base */,
			);
			name = Main.storyboard;
			sourceTree = "<group>";
		};
		F809789317E8B8C2007B908B /* InfoPlist.strings */ = {
			isa = PBXVariantGroup;
			children = (
				F809789417E8B8C2007B908B /* en */,
			);
			name = InfoPlist.strings;
			sourceTree = "<group>";
		};
/* End PBXVariantGroup section */

/* Begin XCBuildConfiguration section */
		F809789817E8B8C2007B908B /* Debug */ = {
			isa = XCBuildConfiguration;
			buildSettings = {
				ALWAYS_SEARCH_USER_PATHS = NO;
				ARCHS = "$(ARCHS_STANDARD_INCLUDING_64_BIT)";
				CLANG_CXX_LANGUAGE_STANDARD = "gnu++0x";
				CLANG_CXX_LIBRARY = "libc++";
				CLANG_ENABLE_MODULES = YES;
				CLANG_ENABLE_OBJC_ARC = YES;
				CLANG_WARN_BOOL_CONVERSION = YES;
				CLANG_WARN_CONSTANT_CONVERSION = YES;
				CLANG_WARN_DIRECT_OBJC_ISA_USAGE = YES_ERROR;
				CLANG_WARN_EMPTY_BODY = YES;
				CLANG_WARN_ENUM_CONVERSION = YES;
				CLANG_WARN_INT_CONVERSION = YES;
				CLANG_WARN_OBJC_ROOT_CLASS = YES_ERROR;
				CLANG_WARN__DUPLICATE_METHOD_MATCH = YES;
				"CODE_SIGN_IDENTITY[sdk=iphoneos*]" = "iPhone Developer";
				COPY_PHASE_STRIP = NO;
				GCC_C_LANGUAGE_STANDARD = gnu99;
				GCC_DYNAMIC_NO_PIC = NO;
				GCC_OPTIMIZATION_LEVEL = 0;
				GCC_PREPROCESSOR_DEFINITIONS = (
					"DEBUG=1",
					"$(inherited)",
				);
				GCC_SYMBOLS_PRIVATE_EXTERN = NO;
				GCC_WARN_64_TO_32_BIT_CONVERSION = YES;
				GCC_WARN_ABOUT_RETURN_TYPE = YES_ERROR;
				GCC_WARN_UNDECLARED_SELECTOR = YES;
				GCC_WARN_UNINITIALIZED_AUTOS = YES;
				GCC_WARN_UNUSED_FUNCTION = YES;
				GCC_WARN_UNUSED_VARIABLE = YES;
				IPHONEOS_DEPLOYMENT_TARGET = 7.0;
				ONLY_ACTIVE_ARCH = YES;
				SDKROOT = iphoneos;
			};
			name = Debug;
		};
		F809789917E8B8C2007B908B /* Release */ = {
			isa = XCBuildConfiguration;
			buildSettings = {
				ALWAYS_SEARCH_USER_PATHS = NO;
				ARCHS = "$(ARCHS_STANDARD_INCLUDING_64_BIT)";
				CLANG_CXX_LANGUAGE_STANDARD = "gnu++0x";
				CLANG_CXX_LIBRARY = "libc++";
				CLANG_ENABLE_MODULES = YES;
				CLANG_ENABLE_OBJC_ARC = YES;
				CLANG_WARN_BOOL_CONVERSION = YES;
				CLANG_WARN_CONSTANT_CONVERSION = YES;
				CLANG_WARN_DIRECT_OBJC_ISA_USAGE = YES_ERROR;
				CLANG_WARN_EMPTY_BODY = YES;
				CLANG_WARN_ENUM_CONVERSION = YES;
				CLANG_WARN_INT_CONVERSION = YES;
				CLANG_WARN_OBJC_ROOT_CLASS = YES_ERROR;
				CLANG_WARN__DUPLICATE_METHOD_MATCH = YES;
				"CODE_SIGN_IDENTITY[sdk=iphoneos*]" = "iPhone Developer";
				COPY_PHASE_STRIP = YES;
				ENABLE_NS_ASSERTIONS = NO;
				GCC_C_LANGUAGE_STANDARD = gnu99;
				GCC_WARN_64_TO_32_BIT_CONVERSION = YES;
				GCC_WARN_ABOUT_RETURN_TYPE = YES_ERROR;
				GCC_WARN_UNDECLARED_SELECTOR = YES;
				GCC_WARN_UNINITIALIZED_AUTOS = YES;
				GCC_WARN_UNUSED_FUNCTION = YES;
				GCC_WARN_UNUSED_VARIABLE = YES;
				IPHONEOS_DEPLOYMENT_TARGET = 7.0;
				SDKROOT = iphoneos;
				VALIDATE_PRODUCT = YES;
			};
			name = Release;
		};
		F809789B17E8B8C2007B908B /* Debug */ = {
			isa = XCBuildConfiguration;
			buildSettings = {
				ASSETCATALOG_COMPILER_APPICON_NAME = AppIcon;
				ASSETCATALOG_COMPILER_LAUNCHIMAGE_NAME = LaunchImage;
				CODE_SIGN_IDENTITY = "iPhone Developer";
				GCC_PRECOMPILE_PREFIX_HEADER = YES;
				GCC_PREFIX_HEADER = "NewPlayerTest/NewPlayerTest-Prefix.pch";
				INFOPLIST_FILE = "NewPlayerTest/NewPlayerTest-Info.plist";
				PRODUCT_NAME = "$(TARGET_NAME)";
				WRAPPER_EXTENSION = app;
			};
			name = Debug;
		};
		F809789C17E8B8C2007B908B /* Release */ = {
			isa = XCBuildConfiguration;
			buildSettings = {
				ASSETCATALOG_COMPILER_APPICON_NAME = AppIcon;
				ASSETCATALOG_COMPILER_LAUNCHIMAGE_NAME = LaunchImage;
				GCC_PRECOMPILE_PREFIX_HEADER = YES;
				GCC_PREFIX_HEADER = "NewPlayerTest/NewPlayerTest-Prefix.pch";
				INFOPLIST_FILE = "NewPlayerTest/NewPlayerTest-Info.plist";
				PRODUCT_NAME = "$(TARGET_NAME)";
				WRAPPER_EXTENSION = app;
			};
			name = Release;
		};
		F809789E17E8B8C2007B908B /* Debug */ = {
			isa = XCBuildConfiguration;
			buildSettings = {
				ARCHS = "$(ARCHS_STANDARD_INCLUDING_64_BIT)";
				BUNDLE_LOADER = "$(BUILT_PRODUCTS_DIR)/NewPlayerTest.app/NewPlayerTest";
				FRAMEWORK_SEARCH_PATHS = (
					"$(SDKROOT)/Developer/Library/Frameworks",
					"$(inherited)",
					"$(DEVELOPER_FRAMEWORKS_DIR)",
				);
				GCC_PRECOMPILE_PREFIX_HEADER = YES;
				GCC_PREFIX_HEADER = "NewPlayerTest/NewPlayerTest-Prefix.pch";
				GCC_PREPROCESSOR_DEFINITIONS = (
					"DEBUG=1",
					"$(inherited)",
				);
				INFOPLIST_FILE = "NewPlayerTestTests/NewPlayerTestTests-Info.plist";
				PRODUCT_NAME = "$(TARGET_NAME)";
				TEST_HOST = "$(BUNDLE_LOADER)";
				WRAPPER_EXTENSION = xctest;
			};
			name = Debug;
		};
		F809789F17E8B8C2007B908B /* Release */ = {
			isa = XCBuildConfiguration;
			buildSettings = {
				ARCHS = "$(ARCHS_STANDARD_INCLUDING_64_BIT)";
				BUNDLE_LOADER = "$(BUILT_PRODUCTS_DIR)/NewPlayerTest.app/NewPlayerTest";
				FRAMEWORK_SEARCH_PATHS = (
					"$(SDKROOT)/Developer/Library/Frameworks",
					"$(inherited)",
					"$(DEVELOPER_FRAMEWORKS_DIR)",
				);
				GCC_PRECOMPILE_PREFIX_HEADER = YES;
				GCC_PREFIX_HEADER = "NewPlayerTest/NewPlayerTest-Prefix.pch";
				INFOPLIST_FILE = "NewPlayerTestTests/NewPlayerTestTests-Info.plist";
				PRODUCT_NAME = "$(TARGET_NAME)";
				TEST_HOST = "$(BUNDLE_LOADER)";
				WRAPPER_EXTENSION = xctest;
			};
			name = Release;
		};
/* End XCBuildConfiguration section */

/* Begin XCConfigurationList section */
		F809786317E8B8C2007B908B /* Build configuration list for PBXProject "NewPlayerTest" */ = {
			isa = XCConfigurationList;
			buildConfigurations = (
				F809789817E8B8C2007B908B /* Debug */,
				F809789917E8B8C2007B908B /* Release */,
			);
			defaultConfigurationIsVisible = 0;
			defaultConfigurationName = Release;
		};
		F809789A17E8B8C2007B908B /* Build configuration list for PBXNativeTarget "NewPlayerTest" */ = {
			isa = XCConfigurationList;
			buildConfigurations = (
				F809789B17E8B8C2007B908B /* Debug */,
				F809789C17E8B8C2007B908B /* Release */,
			);
			defaultConfigurationIsVisible = 0;
			defaultConfigurationName = Release;
		};
		F809789D17E8B8C2007B908B /* Build configuration list for PBXNativeTarget "NewPlayerTestTests" */ = {
			isa = XCConfigurationList;
			buildConfigurations = (
				F809789E17E8B8C2007B908B /* Debug */,
				F809789F17E8B8C2007B908B /* Release */,
			);
			defaultConfigurationIsVisible = 0;
			defaultConfigurationName = Release;
		};
/* End XCConfigurationList section */
	};
	rootObject = F809786017E8B8C2007B908B /* Project object */;
}
